{
  "version": 4,
  "terraform_version": "1.3.3",
  "serial": 11,
  "lineage": "88f1d15b-c894-ae41-ac8f-82965e10e3b7",
  "outputs": {
    "public_ip": {
      "value": "172.174.64.181",
      "type": "string"
    }
  },
  "resources": [
    {
      "mode": "data",
      "type": "azurerm_public_ip",
      "name": "tfexample",
      "provider": "provider[\"registry.terraform.io/hashicorp/azurerm\"]",
      "instances": [
        {
          "schema_version": 0,
          "attributes": {
            "allocation_method": "Static",
            "domain_name_label": "",
            "fqdn": "",
            "id": "/subscriptions/ff517ae5-efb7-4653-8c51-a542c5583c3d/resourceGroups/cnapp-kpmg-rg/providers/Microsoft.Network/publicIPAddresses/my-terraform-public-ip",
            "idle_timeout_in_minutes": 4,
            "ip_address": "172.174.64.181",
            "ip_tags": {},
            "ip_version": "IPv4",
            "location": "eastus",
            "name": "my-terraform-public-ip",
            "resource_group_name": "cnapp-kpmg-rg",
            "reverse_fqdn": "",
            "sku": "Basic",
            "tags": {
              "environment": "my-terraform-env"
            },
            "timeouts": null,
            "zones": []
          },
          "sensitive_attributes": []
        }
      ]
    },
    {
      "mode": "managed",
      "type": "azurerm_lb",
      "name": "tfexample",
      "provider": "provider[\"registry.terraform.io/hashicorp/azurerm\"]",
      "instances": [
        {
          "schema_version": 0,
          "attributes": {
            "edge_zone": "",
            "frontend_ip_configuration": [
              {
                "gateway_load_balancer_frontend_ip_configuration_id": "",
                "id": "/subscriptions/ff517ae5-efb7-4653-8c51-a542c5583c3d/resourceGroups/cnapp-kpmg-rg/providers/Microsoft.Network/loadBalancers/my-terraform-lb/frontendIPConfigurations/my-terraform-lb-frontend-ip",
                "inbound_nat_rules": [],
                "load_balancer_rules": [],
                "name": "my-terraform-lb-frontend-ip",
                "outbound_rules": [],
                "private_ip_address": "",
                "private_ip_address_allocation": "Dynamic",
                "private_ip_address_version": "",
                "public_ip_address_id": "/subscriptions/ff517ae5-efb7-4653-8c51-a542c5583c3d/resourceGroups/cnapp-kpmg-rg/providers/Microsoft.Network/publicIPAddresses/my-terraform-public-ip",
                "public_ip_prefix_id": "",
                "subnet_id": "",
                "zones": null
              }
            ],
            "id": "/subscriptions/ff517ae5-efb7-4653-8c51-a542c5583c3d/resourceGroups/cnapp-kpmg-rg/providers/Microsoft.Network/loadBalancers/my-terraform-lb",
            "location": "eastus",
            "name": "my-terraform-lb",
            "private_ip_address": "",
            "private_ip_addresses": [],
            "resource_group_name": "cnapp-kpmg-rg",
            "sku": "Basic",
            "sku_tier": "Regional",
            "tags": {
              "environment": "my-terraform-env"
            },
            "timeouts": null
          },
          "sensitive_attributes": [],
          "private": "eyJlMmJmYjczMC1lY2FhLTExZTYtOGY4OC0zNDM2M2JjN2M0YzAiOnsiY3JlYXRlIjoxODAwMDAwMDAwMDAwLCJkZWxldGUiOjE4MDAwMDAwMDAwMDAsInJlYWQiOjMwMDAwMDAwMDAwMCwidXBkYXRlIjoxODAwMDAwMDAwMDAwfX0=",
          "dependencies": [
            "azurerm_public_ip.tfexample",
            "azurerm_resource_group.tfexample"
          ]
        }
      ]
    },
    {
      "mode": "managed",
      "type": "azurerm_lb_backend_address_pool",
      "name": "tfexample",
      "provider": "provider[\"registry.terraform.io/hashicorp/azurerm\"]",
      "instances": [
        {
          "schema_version": 0,
          "attributes": {
            "backend_ip_configurations": [],
            "id": "/subscriptions/ff517ae5-efb7-4653-8c51-a542c5583c3d/resourceGroups/cnapp-kpmg-rg/providers/Microsoft.Network/loadBalancers/my-terraform-lb/backendAddressPools/my-terraform-lb-backend-pool",
            "load_balancing_rules": [],
            "loadbalancer_id": "/subscriptions/ff517ae5-efb7-4653-8c51-a542c5583c3d/resourceGroups/cnapp-kpmg-rg/providers/Microsoft.Network/loadBalancers/my-terraform-lb",
            "name": "my-terraform-lb-backend-pool",
            "outbound_rules": [],
            "timeouts": null,
            "tunnel_interface": []
          },
          "sensitive_attributes": [],
          "private": "eyJlMmJmYjczMC1lY2FhLTExZTYtOGY4OC0zNDM2M2JjN2M0YzAiOnsiY3JlYXRlIjoxODAwMDAwMDAwMDAwLCJkZWxldGUiOjE4MDAwMDAwMDAwMDAsInJlYWQiOjMwMDAwMDAwMDAwMCwidXBkYXRlIjoxODAwMDAwMDAwMDAwfX0=",
          "dependencies": [
            "azurerm_lb.tfexample",
            "azurerm_public_ip.tfexample",
            "azurerm_resource_group.tfexample"
          ]
        }
      ]
    },
    {
      "mode": "managed",
      "type": "azurerm_lb_probe",
      "name": "tfexample",
      "provider": "provider[\"registry.terraform.io/hashicorp/azurerm\"]",
      "instances": [
        {
          "schema_version": 0,
          "attributes": {
            "id": "/subscriptions/ff517ae5-efb7-4653-8c51-a542c5583c3d/resourceGroups/cnapp-kpmg-rg/providers/Microsoft.Network/loadBalancers/my-terraform-lb/probes/my-terraform-lb-probe",
            "interval_in_seconds": 15,
            "load_balancer_rules": [],
            "loadbalancer_id": "/subscriptions/ff517ae5-efb7-4653-8c51-a542c5583c3d/resourceGroups/cnapp-kpmg-rg/providers/Microsoft.Network/loadBalancers/my-terraform-lb",
            "name": "my-terraform-lb-probe",
            "number_of_probes": 2,
            "port": 8080,
            "protocol": "Tcp",
            "request_path": "",
            "timeouts": null
          },
          "sensitive_attributes": [],
          "private": "eyJlMmJmYjczMC1lY2FhLTExZTYtOGY4OC0zNDM2M2JjN2M0YzAiOnsiY3JlYXRlIjoxODAwMDAwMDAwMDAwLCJkZWxldGUiOjE4MDAwMDAwMDAwMDAsInJlYWQiOjMwMDAwMDAwMDAwMCwidXBkYXRlIjoxODAwMDAwMDAwMDAwfX0=",
          "dependencies": [
            "azurerm_lb.tfexample",
            "azurerm_public_ip.tfexample",
            "azurerm_resource_group.tfexample"
          ]
        }
      ]
    },
    {
      "mode": "managed",
      "type": "azurerm_lb_rule",
      "name": "tfexample",
      "provider": "provider[\"registry.terraform.io/hashicorp/azurerm\"]",
      "instances": [
        {
          "schema_version": 0,
          "attributes": {
            "backend_address_pool_ids": [
              "/subscriptions/ff517ae5-efb7-4653-8c51-a542c5583c3d/resourceGroups/cnapp-kpmg-rg/providers/Microsoft.Network/loadBalancers/my-terraform-lb/backendAddressPools/my-terraform-lb-backend-pool"
            ],
            "backend_port": 8080,
            "disable_outbound_snat": false,
            "enable_floating_ip": false,
            "enable_tcp_reset": false,
            "frontend_ip_configuration_id": "/subscriptions/ff517ae5-efb7-4653-8c51-a542c5583c3d/resourceGroups/cnapp-kpmg-rg/providers/Microsoft.Network/loadBalancers/my-terraform-lb/frontendIPConfigurations/my-terraform-lb-frontend-ip",
            "frontend_ip_configuration_name": "my-terraform-lb-frontend-ip",
            "frontend_port": 80,
            "id": "/subscriptions/ff517ae5-efb7-4653-8c51-a542c5583c3d/resourceGroups/cnapp-kpmg-rg/providers/Microsoft.Network/loadBalancers/my-terraform-lb/loadBalancingRules/my-terraform-lb-rule",
            "idle_timeout_in_minutes": 4,
            "load_distribution": "Default",
            "loadbalancer_id": "/subscriptions/ff517ae5-efb7-4653-8c51-a542c5583c3d/resourceGroups/cnapp-kpmg-rg/providers/Microsoft.Network/loadBalancers/my-terraform-lb",
            "name": "my-terraform-lb-rule",
            "probe_id": "/subscriptions/ff517ae5-efb7-4653-8c51-a542c5583c3d/resourceGroups/cnapp-kpmg-rg/providers/Microsoft.Network/loadBalancers/my-terraform-lb/probes/my-terraform-lb-probe",
            "protocol": "Tcp",
            "timeouts": null
          },
          "sensitive_attributes": [],
          "private": "eyJlMmJmYjczMC1lY2FhLTExZTYtOGY4OC0zNDM2M2JjN2M0YzAiOnsiY3JlYXRlIjoxODAwMDAwMDAwMDAwLCJkZWxldGUiOjE4MDAwMDAwMDAwMDAsInJlYWQiOjMwMDAwMDAwMDAwMCwidXBkYXRlIjoxODAwMDAwMDAwMDAwfX0=",
          "dependencies": [
            "azurerm_lb.tfexample",
            "azurerm_lb_backend_address_pool.tfexample",
            "azurerm_lb_probe.tfexample",
            "azurerm_public_ip.tfexample",
            "azurerm_resource_group.tfexample"
          ]
        }
      ]
    },
    {
      "mode": "managed",
      "type": "azurerm_linux_virtual_machine_scale_set",
      "name": "tfexample",
      "provider": "provider[\"registry.terraform.io/hashicorp/azurerm\"]",
      "instances": [
        {
          "schema_version": 0,
          "attributes": {
            "additional_capabilities": [],
            "admin_password": "Password1234!",
            "admin_ssh_key": [],
            "admin_username": "azureuser",
            "automatic_instance_repair": [
              {
                "enabled": false,
                "grace_period": "PT30M"
              }
            ],
            "automatic_os_upgrade_policy": [],
            "boot_diagnostics": [],
            "computer_name_prefix": "my-terraform-vm-scale-set",
            "custom_data": null,
            "data_disk": [],
            "disable_password_authentication": false,
            "do_not_run_extensions_on_overprovisioned_machines": false,
            "edge_zone": "",
            "encryption_at_host_enabled": false,
            "eviction_policy": "",
            "extension": [
              {
                "auto_upgrade_minor_version": true,
                "automatic_upgrade_enabled": null,
                "force_update_tag": "",
                "name": "hostname",
                "protected_settings": "",
                "provision_after_extensions": [],
                "publisher": "Microsoft.Azure.Extensions",
                "settings": "      {\r\n        \"commandToExecute\": \"echo 'Hello, World' \u003e index.html ; nohup busybox httpd -f -p 8080 \u0026\"\r\n      }\r\n",
                "type": "CustomScript",
                "type_handler_version": "2.1"
              }
            ],
            "extensions_time_budget": "PT1H30M",
            "health_probe_id": "",
            "id": "/subscriptions/ff517ae5-efb7-4653-8c51-a542c5583c3d/resourceGroups/cnapp-kpmg-rg/providers/Microsoft.Compute/virtualMachineScaleSets/my-terraform-vm-scale-set",
            "identity": [],
            "instances": 2,
            "location": "eastus",
            "max_bid_price": -1,
            "name": "my-terraform-vm-scale-set",
            "network_interface": [
              {
                "dns_servers": null,
                "enable_accelerated_networking": false,
                "enable_ip_forwarding": false,
                "ip_configuration": [
                  {
                    "application_gateway_backend_address_pool_ids": null,
                    "application_security_group_ids": null,
                    "load_balancer_backend_address_pool_ids": [
                      "/subscriptions/ff517ae5-efb7-4653-8c51-a542c5583c3d/resourceGroups/cnapp-kpmg-rg/providers/Microsoft.Network/loadBalancers/my-terraform-lb/backendAddressPools/my-terraform-lb-backend-pool"
                    ],
                    "load_balancer_inbound_nat_rules_ids": null,
                    "name": "my-terraform-vm-ss-nic-ip",
                    "primary": true,
                    "public_ip_address": [],
                    "subnet_id": "/subscriptions/ff517ae5-efb7-4653-8c51-a542c5583c3d/resourceGroups/cnapp-kpmg-rg/providers/Microsoft.Network/virtualNetworks/my-terraform-vnet/subnets/my-terraform-subnet",
                    "version": "IPv4"
                  }
                ],
                "name": "my-terraform-vm-ss-nic",
                "network_security_group_id": "",
                "primary": true
              }
            ],
            "os_disk": [
              {
                "caching": "ReadWrite",
                "diff_disk_settings": [],
                "disk_encryption_set_id": "",
                "disk_size_gb": 30,
                "storage_account_type": "Standard_LRS",
                "write_accelerator_enabled": false
              }
            ],
            "overprovision": true,
            "plan": [],
            "platform_fault_domain_count": 0,
            "priority": "Regular",
            "provision_vm_agent": true,
            "proximity_placement_group_id": "",
            "resource_group_name": "cnapp-kpmg-rg",
            "rolling_upgrade_policy": [],
            "scale_in_policy": "Default",
            "secret": [],
            "secure_boot_enabled": false,
            "single_placement_group": true,
            "sku": "Standard_DS1_v2",
            "source_image_id": "",
            "source_image_reference": [
              {
                "offer": "UbuntuServer",
                "publisher": "Canonical",
                "sku": "18.04-LTS",
                "version": "latest"
              }
            ],
            "tags": {
              "environment": "my-terraform-env"
            },
            "terminate_notification": null,
            "timeouts": null,
            "unique_id": "24616d62-f1f0-423d-af83-ea638f6eaaf9",
            "upgrade_mode": "Manual",
            "user_data": "",
            "vtpm_enabled": false,
            "zone_balance": false,
            "zones": null
          },
          "sensitive_attributes": [],
          "private": "eyJlMmJmYjczMC1lY2FhLTExZTYtOGY4OC0zNDM2M2JjN2M0YzAiOnsiY3JlYXRlIjozNjAwMDAwMDAwMDAwLCJkZWxldGUiOjM2MDAwMDAwMDAwMDAsInJlYWQiOjMwMDAwMDAwMDAwMCwidXBkYXRlIjozNjAwMDAwMDAwMDAwfX0=",
          "dependencies": [
            "azurerm_lb.tfexample",
            "azurerm_lb_backend_address_pool.tfexample",
            "azurerm_public_ip.tfexample",
            "azurerm_resource_group.tfexample",
            "azurerm_subnet.tfexample",
            "azurerm_virtual_network.tfexample"
          ]
        }
      ]
    },
    {
      "mode": "managed",
      "type": "azurerm_public_ip",
      "name": "tfexample",
      "provider": "provider[\"registry.terraform.io/hashicorp/azurerm\"]",
      "instances": [
        {
          "schema_version": 0,
          "attributes": {
            "allocation_method": "Static",
            "domain_name_label": null,
            "edge_zone": "",
            "fqdn": null,
            "id": "/subscriptions/ff517ae5-efb7-4653-8c51-a542c5583c3d/resourceGroups/cnapp-kpmg-rg/providers/Microsoft.Network/publicIPAddresses/my-terraform-public-ip",
            "idle_timeout_in_minutes": 4,
            "ip_address": "172.174.64.181",
            "ip_tags": null,
            "ip_version": "IPv4",
            "location": "eastus",
            "name": "my-terraform-public-ip",
            "public_ip_prefix_id": null,
            "resource_group_name": "cnapp-kpmg-rg",
            "reverse_fqdn": null,
            "sku": "Basic",
            "sku_tier": "Regional",
            "tags": {
              "environment": "my-terraform-env"
            },
            "timeouts": null,
            "zones": null
          },
          "sensitive_attributes": [],
          "private": "eyJlMmJmYjczMC1lY2FhLTExZTYtOGY4OC0zNDM2M2JjN2M0YzAiOnsiY3JlYXRlIjoxODAwMDAwMDAwMDAwLCJkZWxldGUiOjE4MDAwMDAwMDAwMDAsInJlYWQiOjMwMDAwMDAwMDAwMCwidXBkYXRlIjoxODAwMDAwMDAwMDAwfX0=",
          "dependencies": [
            "azurerm_resource_group.tfexample"
          ]
        }
      ]
    },
    {
      "mode": "managed",
      "type": "azurerm_resource_group",
      "name": "tfexample",
      "provider": "provider[\"registry.terraform.io/hashicorp/azurerm\"]",
      "instances": [
        {
          "schema_version": 0,
          "attributes": {
            "id": "/subscriptions/ff517ae5-efb7-4653-8c51-a542c5583c3d/resourceGroups/cnapp-kpmg-rg",
            "location": "eastus",
            "name": "cnapp-kpmg-rg",
            "tags": null,
            "timeouts": null
          },
          "sensitive_attributes": [],
          "private": "eyJlMmJmYjczMC1lY2FhLTExZTYtOGY4OC0zNDM2M2JjN2M0YzAiOnsiY3JlYXRlIjo1NDAwMDAwMDAwMDAwLCJkZWxldGUiOjU0MDAwMDAwMDAwMDAsInJlYWQiOjMwMDAwMDAwMDAwMCwidXBkYXRlIjo1NDAwMDAwMDAwMDAwfX0="
        }
      ]
    },
    {
      "mode": "managed",
      "type": "azurerm_subnet",
      "name": "tfexample",
      "provider": "provider[\"registry.terraform.io/hashicorp/azurerm\"]",
      "instances": [
        {
          "schema_version": 0,
          "attributes": {
            "address_prefixes": [
              "10.0.2.0/24"
            ],
            "delegation": [],
            "enforce_private_link_endpoint_network_policies": false,
            "enforce_private_link_service_network_policies": false,
            "id": "/subscriptions/ff517ae5-efb7-4653-8c51-a542c5583c3d/resourceGroups/cnapp-kpmg-rg/providers/Microsoft.Network/virtualNetworks/my-terraform-vnet/subnets/my-terraform-subnet",
            "name": "my-terraform-subnet",
            "resource_group_name": "cnapp-kpmg-rg",
            "service_endpoint_policy_ids": null,
            "service_endpoints": null,
            "timeouts": null,
            "virtual_network_name": "my-terraform-vnet"
          },
          "sensitive_attributes": [],
          "private": "eyJlMmJmYjczMC1lY2FhLTExZTYtOGY4OC0zNDM2M2JjN2M0YzAiOnsiY3JlYXRlIjoxODAwMDAwMDAwMDAwLCJkZWxldGUiOjE4MDAwMDAwMDAwMDAsInJlYWQiOjMwMDAwMDAwMDAwMCwidXBkYXRlIjoxODAwMDAwMDAwMDAwfX0=",
          "dependencies": [
            "azurerm_resource_group.tfexample",
            "azurerm_virtual_network.tfexample"
          ]
        }
      ]
    },
    {
      "mode": "managed",
      "type": "azurerm_virtual_network",
      "name": "tfexample",
      "provider": "provider[\"registry.terraform.io/hashicorp/azurerm\"]",
      "instances": [
        {
          "schema_version": 0,
          "attributes": {
            "address_space": [
              "10.0.0.0/16"
            ],
            "bgp_community": "",
            "ddos_protection_plan": [],
            "dns_servers": [],
            "edge_zone": "",
            "flow_timeout_in_minutes": 0,
            "guid": "ca762225-4486-494f-9784-2c1a4e0bd2ed",
            "id": "/subscriptions/ff517ae5-efb7-4653-8c51-a542c5583c3d/resourceGroups/cnapp-kpmg-rg/providers/Microsoft.Network/virtualNetworks/my-terraform-vnet",
            "location": "eastus",
            "name": "my-terraform-vnet",
            "resource_group_name": "cnapp-kpmg-rg",
            "subnet": [],
            "tags": {
              "environment": "my-terraform-env"
            },
            "timeouts": null
          },
          "sensitive_attributes": [],
          "private": "eyJlMmJmYjczMC1lY2FhLTExZTYtOGY4OC0zNDM2M2JjN2M0YzAiOnsiY3JlYXRlIjoxODAwMDAwMDAwMDAwLCJkZWxldGUiOjE4MDAwMDAwMDAwMDAsInJlYWQiOjMwMDAwMDAwMDAwMCwidXBkYXRlIjoxODAwMDAwMDAwMDAwfX0=",
          "dependencies": [
            "azurerm_resource_group.tfexample"
          ]
        }
      ]
    }
  ],
  "check_results": []
}
