{
  "version": 4,
  "terraform_version": "1.3.3",
  "serial": 19,
  "lineage": "88f1d15b-c894-ae41-ac8f-82965e10e3b7",
  "outputs": {},
  "resources": [
    {
      "mode": "managed",
      "type": "azurerm_lb",
      "name": "tfexample",
      "provider": "provider[\"registry.terraform.io/hashicorp/azurerm\"]",
      "instances": [
        {
          "schema_version": 0,
          "attributes": {
            "edge_zone": "",
            "frontend_ip_configuration": [
              {
                "gateway_load_balancer_frontend_ip_configuration_id": "",
                "id": "/subscriptions/ff517ae5-efb7-4653-8c51-a542c5583c3d/resourceGroups/cnapp-kpmg-rg/providers/Microsoft.Network/loadBalancers/my-terraform-lb/frontendIPConfigurations/my-terraform-lb-frontend-ip",
                "inbound_nat_rules": [],
                "load_balancer_rules": [
                  "/subscriptions/ff517ae5-efb7-4653-8c51-a542c5583c3d/resourceGroups/cnapp-kpmg-rg/providers/Microsoft.Network/loadBalancers/my-terraform-lb/loadBalancingRules/my-terraform-lb-rule"
                ],
                "name": "my-terraform-lb-frontend-ip",
                "outbound_rules": [],
                "private_ip_address": "",
                "private_ip_address_allocation": "Dynamic",
                "private_ip_address_version": "",
                "public_ip_address_id": "/subscriptions/ff517ae5-efb7-4653-8c51-a542c5583c3d/resourceGroups/cnapp-kpmg-rg/providers/Microsoft.Network/publicIPAddresses/my-terraform-public-ip",
                "public_ip_prefix_id": "",
                "subnet_id": "",
                "zones": []
              }
            ],
            "id": "/subscriptions/ff517ae5-efb7-4653-8c51-a542c5583c3d/resourceGroups/cnapp-kpmg-rg/providers/Microsoft.Network/loadBalancers/my-terraform-lb",
            "location": "eastus",
            "name": "my-terraform-lb",
            "private_ip_address": "",
            "private_ip_addresses": [],
            "resource_group_name": "cnapp-kpmg-rg",
            "sku": "Basic",
            "sku_tier": "Regional",
            "tags": {
              "environment": "my-terraform-env"
            },
            "timeouts": null
          },
          "sensitive_attributes": [],
          "private": "eyJlMmJmYjczMC1lY2FhLTExZTYtOGY4OC0zNDM2M2JjN2M0YzAiOnsiY3JlYXRlIjoxODAwMDAwMDAwMDAwLCJkZWxldGUiOjE4MDAwMDAwMDAwMDAsInJlYWQiOjMwMDAwMDAwMDAwMCwidXBkYXRlIjoxODAwMDAwMDAwMDAwfX0=",
          "dependencies": [
            "azurerm_public_ip.tfexample",
            "azurerm_resource_group.tfexample"
          ]
        }
      ]
    },
    {
      "mode": "managed",
      "type": "azurerm_lb_probe",
      "name": "tfexample",
      "provider": "provider[\"registry.terraform.io/hashicorp/azurerm\"]",
      "instances": [
        {
          "schema_version": 0,
          "attributes": {
            "id": "/subscriptions/ff517ae5-efb7-4653-8c51-a542c5583c3d/resourceGroups/cnapp-kpmg-rg/providers/Microsoft.Network/loadBalancers/my-terraform-lb/probes/my-terraform-lb-probe",
            "interval_in_seconds": 15,
            "load_balancer_rules": [
              "/subscriptions/ff517ae5-efb7-4653-8c51-a542c5583c3d/resourceGroups/cnapp-kpmg-rg/providers/Microsoft.Network/loadBalancers/my-terraform-lb/loadBalancingRules/my-terraform-lb-rule"
            ],
            "loadbalancer_id": "/subscriptions/ff517ae5-efb7-4653-8c51-a542c5583c3d/resourceGroups/cnapp-kpmg-rg/providers/Microsoft.Network/loadBalancers/my-terraform-lb",
            "name": "my-terraform-lb-probe",
            "number_of_probes": 2,
            "port": 8080,
            "protocol": "Tcp",
            "request_path": "",
            "timeouts": null
          },
          "sensitive_attributes": [],
          "private": "eyJlMmJmYjczMC1lY2FhLTExZTYtOGY4OC0zNDM2M2JjN2M0YzAiOnsiY3JlYXRlIjoxODAwMDAwMDAwMDAwLCJkZWxldGUiOjE4MDAwMDAwMDAwMDAsInJlYWQiOjMwMDAwMDAwMDAwMCwidXBkYXRlIjoxODAwMDAwMDAwMDAwfX0=",
          "dependencies": [
            "azurerm_lb.tfexample",
            "azurerm_public_ip.tfexample",
            "azurerm_resource_group.tfexample"
          ]
        }
      ]
    },
    {
      "mode": "managed",
      "type": "azurerm_public_ip",
      "name": "tfexample",
      "provider": "provider[\"registry.terraform.io/hashicorp/azurerm\"]",
      "instances": [
        {
          "schema_version": 0,
          "attributes": {
            "allocation_method": "Static",
            "domain_name_label": null,
            "edge_zone": "",
            "fqdn": null,
            "id": "/subscriptions/ff517ae5-efb7-4653-8c51-a542c5583c3d/resourceGroups/cnapp-kpmg-rg/providers/Microsoft.Network/publicIPAddresses/my-terraform-public-ip",
            "idle_timeout_in_minutes": 4,
            "ip_address": "172.174.64.181",
            "ip_tags": {},
            "ip_version": "IPv4",
            "location": "eastus",
            "name": "my-terraform-public-ip",
            "public_ip_prefix_id": null,
            "resource_group_name": "cnapp-kpmg-rg",
            "reverse_fqdn": null,
            "sku": "Basic",
            "sku_tier": "Regional",
            "tags": {
              "environment": "my-terraform-env"
            },
            "timeouts": null,
            "zones": []
          },
          "sensitive_attributes": [],
          "private": "eyJlMmJmYjczMC1lY2FhLTExZTYtOGY4OC0zNDM2M2JjN2M0YzAiOnsiY3JlYXRlIjoxODAwMDAwMDAwMDAwLCJkZWxldGUiOjE4MDAwMDAwMDAwMDAsInJlYWQiOjMwMDAwMDAwMDAwMCwidXBkYXRlIjoxODAwMDAwMDAwMDAwfX0=",
          "dependencies": [
            "azurerm_resource_group.tfexample"
          ]
        }
      ]
    },
    {
      "mode": "managed",
      "type": "azurerm_resource_group",
      "name": "tfexample",
      "provider": "provider[\"registry.terraform.io/hashicorp/azurerm\"]",
      "instances": [
        {
          "schema_version": 0,
          "attributes": {
            "id": "/subscriptions/ff517ae5-efb7-4653-8c51-a542c5583c3d/resourceGroups/cnapp-kpmg-rg",
            "location": "eastus",
            "name": "cnapp-kpmg-rg",
            "tags": {},
            "timeouts": null
          },
          "sensitive_attributes": [],
          "private": "eyJlMmJmYjczMC1lY2FhLTExZTYtOGY4OC0zNDM2M2JjN2M0YzAiOnsiY3JlYXRlIjo1NDAwMDAwMDAwMDAwLCJkZWxldGUiOjU0MDAwMDAwMDAwMDAsInJlYWQiOjMwMDAwMDAwMDAwMCwidXBkYXRlIjo1NDAwMDAwMDAwMDAwfX0="
        }
      ]
    }
  ],
  "check_results": []
}
